
Microsoft Visual Studio Solution File, Format Version 12.00
# Visual Studio Version 17
VisualStudioVersion = 17.11.35222.181
MinimumVisualStudioVersion = 10.0.40219.1
Project("{FAE04EC0-301F-11D3-BF4B-00C04F79EFBC}") = "zurissample", "zurissample\zurissample.csproj", "{6E4742B4-AB42-4479-A762-8A476E594544}"
EndProject
Global
	GlobalSection(SolutionConfigurationPlatforms) = preSolution
		Debug|Any CPU = Debug|Any CPU
		Release|Any CPU = Release|Any CPU
	EndGlobalSection
	GlobalSection(ProjectConfigurationPlatforms) = postSolution
		{6E4742B4-AB42-4479-A762-8A476E594544}.Debug|Any CPU.ActiveCfg = Debug|Any CPU
		{6E4742B4-AB42-4479-A762-8A476E594544}.Debug|Any CPU.Build.0 = Debug|Any CPU
		{6E4742B4-AB42-4479-A762-8A476E594544}.Release|Any CPU.ActiveCfg = Release|Any CPU
		{6E4742B4-AB42-4479-A762-8A476E594544}.Release|Any CPU.Build.0 = Release|Any CPU
	EndGlobalSection
	GlobalSection(SolutionProperties) = preSolution
		HideSolutionNode = FALSE
	EndGlobalSection
	GlobalSection(ExtensibilityGlobals) = postSolution
		SolutionGuid = {A0984C77-3837-4C35-B6D5-0FBA098EB496}
	EndGlobalSection
EndGlobal
